
Microsoft Visual Studio Solution File, Format Version 12.00
# Visual Studio Version 17
VisualStudioVersion = 17.13.35828.75 d17.13
MinimumVisualStudioVersion = 10.0.40219.1
Project("{FAE04EC0-301F-11D3-BF4B-00C04F79EFBC}") = "Examen", "Examen.csproj", "{C58C1F4E-0086-49F5-B5A3-484C79ED69ED}"
EndProject
Global
	GlobalSection(SolutionConfigurationPlatforms) = preSolution
		Debug|Any CPU = Debug|Any CPU
		Release|Any CPU = Release|Any CPU
	EndGlobalSection
	GlobalSection(ProjectConfigurationPlatforms) = postSolution
		{C58C1F4E-0086-49F5-B5A3-484C79ED69ED}.Debug|Any CPU.ActiveCfg = Debug|Any CPU
		{C58C1F4E-0086-49F5-B5A3-484C79ED69ED}.Debug|Any CPU.Build.0 = Debug|Any CPU
		{C58C1F4E-0086-49F5-B5A3-484C79ED69ED}.Release|Any CPU.ActiveCfg = Release|Any CPU
		{C58C1F4E-0086-49F5-B5A3-484C79ED69ED}.Release|Any CPU.Build.0 = Release|Any CPU
	EndGlobalSection
	GlobalSection(SolutionProperties) = preSolution
		HideSolutionNode = FALSE
	EndGlobalSection
	GlobalSection(ExtensibilityGlobals) = postSolution
		SolutionGuid = {75AFB579-B4E6-483D-AC06-0FC3DF232A0B}
	EndGlobalSection
EndGlobal
